{
  "requires": true,
  "lockfileVersion": 1,
  "dependencies": {
    "vuetify": {
      "version": "1.5.20",
      "resolved": "https://registry.npmjs.org/vuetify/-/vuetify-1.5.20.tgz",
      "integrity": "sha512-tky4uV8vNfQ+3bVo4oI5cVVxa8uGbToFXbbAUoxw7/ckWv16ef+NGYa5quDGAqqshS/D3qdAn/+yy4C/rTbR+Q=="
    }
  }
}
